
Microsoft Visual Studio Solution File, Format Version 12.00
# Visual Studio Version 16
VisualStudioVersion = 16.0.29728.190
MinimumVisualStudioVersion = 10.0.40219.1
Project("{FAE04EC0-301F-11D3-BF4B-00C04F79EFBC}") = "HotelStateBot", "HotelStateBot\HotelStateBot.csproj", "{C1E8F1A9-B971-4382-A495-45EF3C136F2B}"
EndProject
Global
	GlobalSection(SolutionConfigurationPlatforms) = preSolution
		Debug|Any CPU = Debug|Any CPU
		Release|Any CPU = Release|Any CPU
	EndGlobalSection
	GlobalSection(ProjectConfigurationPlatforms) = postSolution
		{C1E8F1A9-B971-4382-A495-45EF3C136F2B}.Debug|Any CPU.ActiveCfg = Debug|Any CPU
		{C1E8F1A9-B971-4382-A495-45EF3C136F2B}.Debug|Any CPU.Build.0 = Debug|Any CPU
		{C1E8F1A9-B971-4382-A495-45EF3C136F2B}.Release|Any CPU.ActiveCfg = Release|Any CPU
		{C1E8F1A9-B971-4382-A495-45EF3C136F2B}.Release|Any CPU.Build.0 = Release|Any CPU
	EndGlobalSection
	GlobalSection(SolutionProperties) = preSolution
		HideSolutionNode = FALSE
	EndGlobalSection
	GlobalSection(ExtensibilityGlobals) = postSolution
		SolutionGuid = {FF9289F6-8E8A-47AC-9B62-2F4A1509972E}
	EndGlobalSection
EndGlobal
